schema: '2.0'
stages:
  build_features:
    cmd:
    - python ./scripts/data/build_features.py --input-rumbles-dir "./data/01_raw/cornell_data/Rumble/"
      --output-dir "./data/02_features/rumbles/spectrograms/" --duration 60.0 --freq-min
      0.0 --freq-max 250.0 --random-seed 0 --ratio-random-offsets 0.2 --loglevel "info"
    deps:
    - path: ./scripts/data/build_features.py
      hash: md5
      md5: b41a43926a56a798e8e4a99cc110eee2
      size: 11180
    outs:
    - path: ./data/02_features/rumbles/spectrograms/
      hash: md5
      md5: 0effb5a84252bdb19aeb583dfaf50640.dir
      size: 5272834786
      nfiles: 97768
  build_yolov8_model_input:
    cmd:
    - python ./scripts/data/build_yolov8_model_input.py --input-features "./data/02_features/rumbles/spectrograms_test/"
      --output-dir "./data/03_model_input/yolov8/small/" --ratio 0.1 --ratio-train-val
      0.8 --loglevel "info"
    deps:
    - path: ./scripts/data/build_yolov8_model_input.py
      hash: md5
      md5: f64111c9a50a67fc3a2b87fd44d56539
      size: 8284
    outs:
    - path: ./data/03_model_input/yolov8/
      hash: md5
      md5: 1b7ba577ca8a879bb97c95001318e198.dir
      size: 36157409
      nfiles: 501
  build_yolov8_model_input_small:
    cmd:
    - python ./scripts/data/build_yolov8_model_input.py --input-features "./data/02_features/rumbles/spectrograms/"
      --output-dir "./data/03_model_input/yolov8/small/" --ratio 0.01 --ratio-train-val
      0.8 --loglevel "info"
    deps:
    - path: ./data/02_features/rumbles/spectrograms/
      hash: md5
      md5: 0effb5a84252bdb19aeb583dfaf50640.dir
      size: 5272834786
      nfiles: 97768
    - path: ./scripts/data/build_yolov8_model_input.py
      hash: md5
      md5: ae03cc8a9dd67b7a5e4c8970cbb11f2a
      size: 9069
    outs:
    - path: ./data/03_model_input/yolov8/small/
      hash: md5
      md5: 42454cc6927afa202af3ccd18ca5cda1.dir
      size: 1636613822
      nfiles: 27796
  build_yolov8_model_input_full:
    cmd:
    - python ./scripts/data/build_yolov8_model_input.py --input-features "./data/02_features/rumbles/spectrograms/"
      --output-dir "./data/03_model_input/yolov8/full/" --ratio 1.0 --ratio-train-val
      0.8 --loglevel "info"
    deps:
    - path: ./data/02_features/rumbles/spectrograms/
      hash: md5
      md5: 0effb5a84252bdb19aeb583dfaf50640.dir
      size: 5272834786
      nfiles: 97768
    - path: ./scripts/data/build_yolov8_model_input.py
      hash: md5
      md5: ae03cc8a9dd67b7a5e4c8970cbb11f2a
      size: 9069
    outs:
    - path: ./data/03_model_input/yolov8/full/
      hash: md5
      md5: 62c8f1da3ea443e258370b8d51e267e4.dir
      size: 5266101279
      nfiles: 97679
  train_yolov8_baseline_small_dataset:
    cmd:
    - python ./scripts/model/yolov8/train.py --data ./data/03_model_input/yolov8/small/data.yaml
      --config ./scripts/model/yolov8/configs/baseline.yaml --experiment-name baseline_small_dataset
      --loglevel info
    deps:
    - path: ./data/03_model_input/yolov8/small/
      hash: md5
      md5: 7134cddcc6d458f73d6f93d473222856.dir
      size: 1640315660
      nfiles: 27755
    - path: ./scripts/model/yolov8/configs/baseline.yaml
      hash: md5
      md5: 4949bd23b3b0046a4a0a4d77fcf49df1
      size: 45
    - path: ./scripts/model/yolov8/train.py
      hash: md5
      md5: b45a7ef0cf0bdf08ea7b70482df7f96a
      size: 2758
    outs:
    - path: ./data/04_models/yolov8/baseline_small_dataset/
      hash: md5
      md5: ad73bb6be996448db808773da6cc8adb.dir
      size: 16210803
      nfiles: 25
  eval_yolov8_dumb_small_dataset:
    cmd:
    - python ./scripts/model/yolov8/eval.py --weights-filepath ./data/04_models/yolov8/dumb_small_dataset/weights/best.pt
      --split "val" --save-json true --save-hybrid true --output-dir ./data/06_reporting/yolov8/dumb_small_dataset/
      --loglevel "info"
    - python ./scripts/model/yolov8/eval.py --weights-filepath ./data/04_models/yolov8/dumb_small_dataset/weights/best.pt
      --split "test" --save-json true --save-hybrid true --output-dir ./data/06_reporting/yolov8/dumb_small_dataset/
      --loglevel "info"
    deps:
    - path: ./data/03_model_input/yolov8/full/
      hash: md5
      md5: 62c8f1da3ea443e258370b8d51e267e4.dir
      size: 5266101279
      nfiles: 97679
    - path: ./data/04_models/yolov8/dumb_small_dataset/
      hash: md5
      md5: c86788cd64cc7a928ae796f7339c6dde.dir
      size: 15207678
      nfiles: 22
    - path: ./scripts/model/yolov8/eval.py
      hash: md5
      md5: 1e26be57e08200cd899916e8bd907977
      size: 2999
    outs:
    - path: ./data/06_reporting/yolov8/dumb_small_dataset/
      hash: md5
      md5: bbc0440f471e3a0c91dfea8dd06e15cf.dir
      size: 206142531
      nfiles: 30
  inference_yolov8_best_full_dataset:
    cmd:
    - python ./scripts/model/yolov8/inference.py --input-dir-yolov8-dataset ./data/03_model_input/yolov8/full/
      --output-dir ./data/05_model_output/yolov8/best_full_dataset/ --weights-filepath
      ./data/04_models/yolov8/best_full_dataset/weights/best.pt --split "test" --k
      25 --random-seed 0 --loglevel "info"
    - python ./scripts/model/yolov8/inference.py --input-dir-yolov8-dataset ./data/03_model_input/yolov8/full/
      --output-dir ./data/05_model_output/yolov8/best_full_dataset/ --weights-filepath
      ./data/04_models/yolov8/best_full_dataset/weights/best.pt --split "val" --k
      25 --random-seed 0 --loglevel "info"
    - python ./scripts/model/yolov8/inference.py --input-dir-yolov8-dataset ./data/03_model_input/yolov8/full/
      --output-dir ./data/05_model_output/yolov8/best_full_dataset/ --weights-filepath
      ./data/04_models/yolov8/best_full_dataset/weights/best.pt --split "train" --k
      25 --random-seed 0 --loglevel "info"
    deps:
    - path: ./data/03_model_input/yolov8/full/
      hash: md5
      md5: 62c8f1da3ea443e258370b8d51e267e4.dir
      size: 5266101279
      nfiles: 97679
    - path: ./data/04_models/yolov8/best_full_dataset/
      hash: md5
      md5: 89ea5343dbab6e60396b61bfa767bf6e.dir
      size: 20970669
      nfiles: 50
    - path: ./scripts/model/yolov8/inference.py
      hash: md5
      md5: b8bf5071ca2e13467eab758e64081bc6
      size: 6182
    outs:
    - path: ./data/05_model_output/yolov8/best_full_dataset/
      hash: md5
      md5: 71c6ddc65f179655d488207a2404b6c4.dir
      size: 14036219
      nfiles: 75
  build_yolov8_model_input_testing_features_only:
    cmd:
    - python ./scripts/data/build_yolov8_model_input.py --input-features "./data/02_features/rumbles/spectrograms_v1/"
      --testing-features-only true --output-dir "./data/03_model_input/yolov8/testing_features_only_full/"
      --ratio 1.0 --ratio-train-val 0.8 --loglevel "info"
    deps:
    - path: ./data/02_features/rumbles/spectrograms_v1/
      hash: md5
      md5: 38cdf2477c94e930c75ab5ee50b4c81c.dir
      size: 1370740058
      nfiles: 7665
    - path: ./scripts/data/build_yolov8_model_input.py
      hash: md5
      md5: f8f0e6b68251ad852f16fc1068db1516
      size: 18093
    outs:
    - path: ./data/03_model_input/yolov8/testing_features_only_full/
      hash: md5
      md5: ec9dad464f7c7d8202fffd32ac99a41d.dir
      size: 1368921940
      nfiles: 7626
